Microsoft Visual Studio Solution File, Format Version 8.00
Project("{8BC9CEB8-8B4A-11D0-8D11-00A0C91BC942}") = "GraphicsLib", "GraphicsLib.vcproj", "{556E10B2-22CB-47C7-A973-CDCD6D561337}"
	ProjectSection(ProjectDependencies) = postProject
	EndProjectSection
EndProject
Project("{8BC9CEB8-8B4A-11D0-8D11-00A0C91BC942}") = "KernelLib", "KernelLib.vcproj", "{F5A203BC-C39E-43DB-B426-4CC8114C84E6}"
	ProjectSection(ProjectDependencies) = postProject
	EndProjectSection
EndProject
Project("{8BC9CEB8-8B4A-11D0-8D11-00A0C91BC942}") = "UnitTests", "UnitTests.vcproj", "{C0A4072B-D722-4E9A-91FF-BA1F511CF619}"
	ProjectSection(ProjectDependencies) = postProject
		{BB57F1C9-0039-40BC-8188-02F384F49029} = {BB57F1C9-0039-40BC-8188-02F384F49029}
	EndProjectSection
EndProject
Project("{8BC9CEB8-8B4A-11D0-8D11-00A0C91BC942}") = "UnitTestService", "UnitTestService.vcproj", "{1FBF5A7F-2E9B-4E27-99B7-980EDEB8C0ED}"
	ProjectSection(ProjectDependencies) = postProject
		{BB57F1C9-0039-40BC-8188-02F384F49029} = {BB57F1C9-0039-40BC-8188-02F384F49029}
	EndProjectSection
EndProject
Project("{8BC9CEB8-8B4A-11D0-8D11-00A0C91BC942}") = "UtilsLib", "UtilsLib.vcproj", "{BB57F1C9-0039-40BC-8188-02F384F49322}"
	ProjectSection(ProjectDependencies) = postProject
	EndProjectSection
EndProject
Project("{8BC9CEB8-8B4A-11D0-8D11-00A0C91BC942}") = "v3dConsole", "v3dConsole.vcproj", "{594DBDEA-14ED-4A95-B219-98A18432E8E7}"
	ProjectSection(ProjectDependencies) = postProject
		{F5A203BC-C39E-43DB-B426-4CC8114C84E6} = {F5A203BC-C39E-43DB-B426-4CC8114C84E6}
		{BB57F1C9-0039-40BC-8188-02F384F49029} = {BB57F1C9-0039-40BC-8188-02F384F49029}
	EndProjectSection
EndProject
Project("{8BC9CEB8-8B4A-11D0-8D11-00A0C91BC942}") = "v3dWin32", "V3dWin32.vcproj", "{C125F830-6341-4D5B-8062-3A6551406920}"
	ProjectSection(ProjectDependencies) = postProject
		{F5A203BC-C39E-43DB-B426-4CC8114C84E6} = {F5A203BC-C39E-43DB-B426-4CC8114C84E6}
		{BB57F1C9-0039-40BC-8188-02F384F49029} = {BB57F1C9-0039-40BC-8188-02F384F49029}
	EndProjectSection
EndProject
Project("{8BC9CEB8-8B4A-11D0-8D11-00A0C91BC942}") = "VirtualFileSystem", "VFSService.vcproj", "{C2E15749-4341-4E4B-9019-07F8B0522B91}"
	ProjectSection(ProjectDependencies) = postProject
		{BB57F1C9-0039-40BC-8188-02F384F49029} = {BB57F1C9-0039-40BC-8188-02F384F49029}
	EndProjectSection
EndProject
Project("{8BC9CEB8-8B4A-11D0-8D11-00A0C91BC942}") = "WindowService", "WindowService.vcproj", "{C2E15749-4341-4E4B-1337-07F8B0112B91}"
	ProjectSection(ProjectDependencies) = postProject
		{556E10B2-22CB-47C7-A973-CDCD6D561337} = {556E10B2-22CB-47C7-A973-CDCD6D561337}
		{BB57F1C9-0039-40BC-8188-02F384F49029} = {BB57F1C9-0039-40BC-8188-02F384F49029}
		{BB57F1C9-0039-40BC-8188-02F384F49322} = {BB57F1C9-0039-40BC-8188-02F384F49322}
	EndProjectSection
EndProject
Project("{8BC9CEB8-8B4A-11D0-8D11-00A0C91BC942}") = "XmlService", "XmlService.vcproj", "{EDEFD55A-6C5A-481F-8B00-D79EF595B43A}"
	ProjectSection(ProjectDependencies) = postProject
		{BB57F1C9-0039-40BC-8188-02F384F49029} = {BB57F1C9-0039-40BC-8188-02F384F49029}
	EndProjectSection
EndProject
Project("{8BC9CEB8-8B4A-11D0-8D11-00A0C91BC942}") = "CommonServices", "CommonServices.vcproj", "{586E10B2-24CB-27C7-A973-CDCD6D563659}"
	ProjectSection(ProjectDependencies) = postProject
		{BB57F1C9-0039-40BC-8188-02F384F49029} = {BB57F1C9-0039-40BC-8188-02F384F49029}
		{BB57F1C9-0039-40BC-8188-02F384F49322} = {BB57F1C9-0039-40BC-8188-02F384F49322}
	EndProjectSection
EndProject
Project("{8BC9CEB8-8B4A-11D0-8D11-00A0C91BC942}") = "EditorService", "EditorService.vcproj", "{C2E15749-4341-4E4B-9019-07F8B0522B91}"
	ProjectSection(ProjectDependencies) = postProject
		{BB57F1C9-0039-40BC-8188-02F384F49029} = {BB57F1C9-0039-40BC-8188-02F384F49029}
	EndProjectSection
EndProject
Project("{8BC9CEB8-8B4A-11D0-8D11-00A0C91BC942}") = "ErrorService", "ErrorService.vcproj", "{05714B12-F9AA-4697-9179-305F137118A5}"
	ProjectSection(ProjectDependencies) = postProject
		{BB57F1C9-0039-40BC-8188-02F384F49029} = {BB57F1C9-0039-40BC-8188-02F384F49029}
	EndProjectSection
EndProject
Project("{8BC9CEB8-8B4A-11D0-8D11-00A0C91BC942}") = "WxWindowsService", "WxWindowsService.vcproj", "{C2A12717-4341-4E4B-9019-07F8B0522B91}"
	ProjectSection(ProjectDependencies) = postProject
		{BB57F1C9-0039-40BC-8188-02F384F49029} = {BB57F1C9-0039-40BC-8188-02F384F49029}
	EndProjectSection
EndProject
Project("{8BC9CEB8-8B4A-11D0-8D11-00A0C91BC942}") = "ExampleApp", "ExampleApp.vcproj", "{8B1DF56D-2D3D-4AD0-BBF5-C3DECE06B82F}"
	ProjectSection(ProjectDependencies) = postProject
		{556E10B2-22CB-47C7-A973-CDCD6D561337} = {556E10B2-22CB-47C7-A973-CDCD6D561337}
		{BB57F1C9-0039-40BC-8188-02F384F49029} = {BB57F1C9-0039-40BC-8188-02F384F49029}
		{BB57F1C9-0039-40BC-8188-02F384F49322} = {BB57F1C9-0039-40BC-8188-02F384F49322}
	EndProjectSection
EndProject
Project("{8BC9CEB8-8B4A-11D0-8D11-00A0C91BC942}") = "CoreLib", "CoreLib.vcproj", "{BB57F1C9-0039-40BC-8188-02F384F49029}"
	ProjectSection(ProjectDependencies) = postProject
	EndProjectSection
EndProject
Project("{8BC9CEB8-8B4A-11D0-8D11-00A0C91BC942}") = "ConsoleService", "ConsoleService.vcproj", "{92902254-17EE-444A-83C6-F062C52B9122}"
	ProjectSection(ProjectDependencies) = postProject
		{BB57F1C9-0039-40BC-8188-02F384F49029} = {BB57F1C9-0039-40BC-8188-02F384F49029}
	EndProjectSection
EndProject
Global
	GlobalSection(SolutionConfiguration) = preSolution
		Debug = Debug
		Release = Release
		UnitTests = UnitTests
	EndGlobalSection
	GlobalSection(ProjectConfiguration) = postSolution
		{556E10B2-22CB-47C7-A973-CDCD6D561337}.Debug.ActiveCfg = Debug|Win32
		{556E10B2-22CB-47C7-A973-CDCD6D561337}.Debug.Build.0 = Debug|Win32
		{556E10B2-22CB-47C7-A973-CDCD6D561337}.Release.ActiveCfg = Release|Win32
		{556E10B2-22CB-47C7-A973-CDCD6D561337}.Release.Build.0 = Release|Win32
		{556E10B2-22CB-47C7-A973-CDCD6D561337}.UnitTests.ActiveCfg = Debug|Win32
		{556E10B2-22CB-47C7-A973-CDCD6D561337}.UnitTests.Build.0 = Debug|Win32
		{F5A203BC-C39E-43DB-B426-4CC8114C84E6}.Debug.ActiveCfg = Debug|Win32
		{F5A203BC-C39E-43DB-B426-4CC8114C84E6}.Debug.Build.0 = Debug|Win32
		{F5A203BC-C39E-43DB-B426-4CC8114C84E6}.Release.ActiveCfg = Release|Win32
		{F5A203BC-C39E-43DB-B426-4CC8114C84E6}.Release.Build.0 = Release|Win32
		{F5A203BC-C39E-43DB-B426-4CC8114C84E6}.UnitTests.ActiveCfg = Debug|Win32
		{F5A203BC-C39E-43DB-B426-4CC8114C84E6}.UnitTests.Build.0 = Debug|Win32
		{C0A4072B-D722-4E9A-91FF-BA1F511CF619}.Debug.ActiveCfg = Debug|Win32
		{C0A4072B-D722-4E9A-91FF-BA1F511CF619}.Debug.Build.0 = Debug|Win32
		{C0A4072B-D722-4E9A-91FF-BA1F511CF619}.Release.ActiveCfg = Release|Win32
		{C0A4072B-D722-4E9A-91FF-BA1F511CF619}.Release.Build.0 = Release|Win32
		{C0A4072B-D722-4E9A-91FF-BA1F511CF619}.UnitTests.ActiveCfg = Debug|Win32
		{C0A4072B-D722-4E9A-91FF-BA1F511CF619}.UnitTests.Build.0 = Debug|Win32
		{1FBF5A7F-2E9B-4E27-99B7-980EDEB8C0ED}.Debug.ActiveCfg = Debug|Win32
		{1FBF5A7F-2E9B-4E27-99B7-980EDEB8C0ED}.Debug.Build.0 = Debug|Win32
		{1FBF5A7F-2E9B-4E27-99B7-980EDEB8C0ED}.Release.ActiveCfg = Release|Win32
		{1FBF5A7F-2E9B-4E27-99B7-980EDEB8C0ED}.Release.Build.0 = Release|Win32
		{1FBF5A7F-2E9B-4E27-99B7-980EDEB8C0ED}.UnitTests.ActiveCfg = Debug|Win32
		{1FBF5A7F-2E9B-4E27-99B7-980EDEB8C0ED}.UnitTests.Build.0 = Debug|Win32
		{BB57F1C9-0039-40BC-8188-02F384F49322}.Debug.ActiveCfg = Debug|Win32
		{BB57F1C9-0039-40BC-8188-02F384F49322}.Debug.Build.0 = Debug|Win32
		{BB57F1C9-0039-40BC-8188-02F384F49322}.Release.ActiveCfg = Release|Win32
		{BB57F1C9-0039-40BC-8188-02F384F49322}.Release.Build.0 = Release|Win32
		{BB57F1C9-0039-40BC-8188-02F384F49322}.UnitTests.ActiveCfg = Debug|Win32
		{BB57F1C9-0039-40BC-8188-02F384F49322}.UnitTests.Build.0 = Debug|Win32
		{594DBDEA-14ED-4A95-B219-98A18432E8E7}.Debug.ActiveCfg = Debug|Win32
		{594DBDEA-14ED-4A95-B219-98A18432E8E7}.Debug.Build.0 = Debug|Win32
		{594DBDEA-14ED-4A95-B219-98A18432E8E7}.Release.ActiveCfg = Release|Win32
		{594DBDEA-14ED-4A95-B219-98A18432E8E7}.Release.Build.0 = Release|Win32
		{594DBDEA-14ED-4A95-B219-98A18432E8E7}.UnitTests.ActiveCfg = UnitTests|Win32
		{594DBDEA-14ED-4A95-B219-98A18432E8E7}.UnitTests.Build.0 = UnitTests|Win32
		{C125F830-6341-4D5B-8062-3A6551406920}.Debug.ActiveCfg = Debug|Win32
		{C125F830-6341-4D5B-8062-3A6551406920}.Debug.Build.0 = Debug|Win32
		{C125F830-6341-4D5B-8062-3A6551406920}.Release.ActiveCfg = Release|Win32
		{C125F830-6341-4D5B-8062-3A6551406920}.Release.Build.0 = Release|Win32
		{C125F830-6341-4D5B-8062-3A6551406920}.UnitTests.ActiveCfg = Debug|Win32
		{C125F830-6341-4D5B-8062-3A6551406920}.UnitTests.Build.0 = Debug|Win32
		{C2E15749-4341-4E4B-9019-07F8B0522B91}.Debug.ActiveCfg = Debug|Win32
		{C2E15749-4341-4E4B-9019-07F8B0522B91}.Debug.Build.0 = Debug|Win32
		{C2E15749-4341-4E4B-9019-07F8B0522B91}.Release.ActiveCfg = Release|Win32
		{C2E15749-4341-4E4B-9019-07F8B0522B91}.Release.Build.0 = Release|Win32
		{C2E15749-4341-4E4B-9019-07F8B0522B91}.UnitTests.ActiveCfg = Debug|Win32
		{C2E15749-4341-4E4B-9019-07F8B0522B91}.UnitTests.Build.0 = Debug|Win32
		{C2E15749-4341-4E4B-1337-07F8B0112B91}.Debug.ActiveCfg = Debug|Win32
		{C2E15749-4341-4E4B-1337-07F8B0112B91}.Debug.Build.0 = Debug|Win32
		{C2E15749-4341-4E4B-1337-07F8B0112B91}.Release.ActiveCfg = Release|Win32
		{C2E15749-4341-4E4B-1337-07F8B0112B91}.Release.Build.0 = Release|Win32
		{C2E15749-4341-4E4B-1337-07F8B0112B91}.UnitTests.ActiveCfg = Debug|Win32
		{C2E15749-4341-4E4B-1337-07F8B0112B91}.UnitTests.Build.0 = Debug|Win32
		{EDEFD55A-6C5A-481F-8B00-D79EF595B43A}.Debug.ActiveCfg = Debug|Win32
		{EDEFD55A-6C5A-481F-8B00-D79EF595B43A}.Debug.Build.0 = Debug|Win32
		{EDEFD55A-6C5A-481F-8B00-D79EF595B43A}.Release.ActiveCfg = Release|Win32
		{EDEFD55A-6C5A-481F-8B00-D79EF595B43A}.Release.Build.0 = Release|Win32
		{EDEFD55A-6C5A-481F-8B00-D79EF595B43A}.UnitTests.ActiveCfg = Debug|Win32
		{EDEFD55A-6C5A-481F-8B00-D79EF595B43A}.UnitTests.Build.0 = Debug|Win32
		{586E10B2-24CB-27C7-A973-CDCD6D563659}.Debug.ActiveCfg = Debug|Win32
		{586E10B2-24CB-27C7-A973-CDCD6D563659}.Debug.Build.0 = Debug|Win32
		{586E10B2-24CB-27C7-A973-CDCD6D563659}.Release.ActiveCfg = Release|Win32
		{586E10B2-24CB-27C7-A973-CDCD6D563659}.Release.Build.0 = Release|Win32
		{586E10B2-24CB-27C7-A973-CDCD6D563659}.UnitTests.ActiveCfg = Debug|Win32
		{586E10B2-24CB-27C7-A973-CDCD6D563659}.UnitTests.Build.0 = Debug|Win32
		{C2E15749-4341-4E4B-9019-07F8B0522B91}.Debug.ActiveCfg = Debug|Win32
		{C2E15749-4341-4E4B-9019-07F8B0522B91}.Debug.Build.0 = Debug|Win32
		{C2E15749-4341-4E4B-9019-07F8B0522B91}.Release.ActiveCfg = Release|Win32
		{C2E15749-4341-4E4B-9019-07F8B0522B91}.Release.Build.0 = Release|Win32
		{C2E15749-4341-4E4B-9019-07F8B0522B91}.UnitTests.ActiveCfg = Debug|Win32
		{C2E15749-4341-4E4B-9019-07F8B0522B91}.UnitTests.Build.0 = Debug|Win32
		{05714B12-F9AA-4697-9179-305F137118A5}.Debug.ActiveCfg = Debug|Win32
		{05714B12-F9AA-4697-9179-305F137118A5}.Debug.Build.0 = Debug|Win32
		{05714B12-F9AA-4697-9179-305F137118A5}.Release.ActiveCfg = Release|Win32
		{05714B12-F9AA-4697-9179-305F137118A5}.Release.Build.0 = Release|Win32
		{05714B12-F9AA-4697-9179-305F137118A5}.UnitTests.ActiveCfg = Debug|Win32
		{05714B12-F9AA-4697-9179-305F137118A5}.UnitTests.Build.0 = Debug|Win32
		{C2A12717-4341-4E4B-9019-07F8B0522B91}.Debug.ActiveCfg = Debug|Win32
		{C2A12717-4341-4E4B-9019-07F8B0522B91}.Debug.Build.0 = Debug|Win32
		{C2A12717-4341-4E4B-9019-07F8B0522B91}.Release.ActiveCfg = Release|Win32
		{C2A12717-4341-4E4B-9019-07F8B0522B91}.Release.Build.0 = Release|Win32
		{C2A12717-4341-4E4B-9019-07F8B0522B91}.UnitTests.ActiveCfg = Debug|Win32
		{C2A12717-4341-4E4B-9019-07F8B0522B91}.UnitTests.Build.0 = Debug|Win32
		{8B1DF56D-2D3D-4AD0-BBF5-C3DECE06B82F}.Debug.ActiveCfg = Debug|Win32
		{8B1DF56D-2D3D-4AD0-BBF5-C3DECE06B82F}.Debug.Build.0 = Debug|Win32
		{8B1DF56D-2D3D-4AD0-BBF5-C3DECE06B82F}.Release.ActiveCfg = Release|Win32
		{8B1DF56D-2D3D-4AD0-BBF5-C3DECE06B82F}.Release.Build.0 = Release|Win32
		{8B1DF56D-2D3D-4AD0-BBF5-C3DECE06B82F}.UnitTests.ActiveCfg = Debug|Win32
		{8B1DF56D-2D3D-4AD0-BBF5-C3DECE06B82F}.UnitTests.Build.0 = Debug|Win32
		{BB57F1C9-0039-40BC-8188-02F384F49029}.Debug.ActiveCfg = Debug|Win32
		{BB57F1C9-0039-40BC-8188-02F384F49029}.Debug.Build.0 = Debug|Win32
		{BB57F1C9-0039-40BC-8188-02F384F49029}.Release.ActiveCfg = Release|Win32
		{BB57F1C9-0039-40BC-8188-02F384F49029}.Release.Build.0 = Release|Win32
		{BB57F1C9-0039-40BC-8188-02F384F49029}.UnitTests.ActiveCfg = Debug|Win32
		{BB57F1C9-0039-40BC-8188-02F384F49029}.UnitTests.Build.0 = Debug|Win32
		{92902254-17EE-444A-83C6-F062C52B9122}.Debug.ActiveCfg = Debug|Win32
		{92902254-17EE-444A-83C6-F062C52B9122}.Debug.Build.0 = Debug|Win32
		{92902254-17EE-444A-83C6-F062C52B9122}.Release.ActiveCfg = Release|Win32
		{92902254-17EE-444A-83C6-F062C52B9122}.Release.Build.0 = Release|Win32
		{92902254-17EE-444A-83C6-F062C52B9122}.UnitTests.ActiveCfg = Debug|Win32
		{92902254-17EE-444A-83C6-F062C52B9122}.UnitTests.Build.0 = Debug|Win32
	EndGlobalSection
	GlobalSection(SolutionItems) = postSolution
		..\Doc\Worklog\AcrylSword.txt = ..\Doc\Worklog\AcrylSword.txt
		Workdir\init.xml = Workdir\init.xml
		..\Doc\Worklog\insane.txt = ..\Doc\Worklog\insane.txt
		Templates\ServiceDLL.cpp = Templates\ServiceDLL.cpp
		..\Doc\Worklog\sheijk.txt = ..\Doc\Worklog\sheijk.txt
		Templates\UnitTest.cpp = Templates\UnitTest.cpp
		Templates\UnitTest.h = Templates\UnitTest.h
		Workdir\unittests.xml = Workdir\unittests.xml
		Templates\VeloxClass.cpp = Templates\VeloxClass.cpp
		Templates\VeloxClass.h = Templates\VeloxClass.h
		Templates\VeloxDoc.html = Templates\VeloxDoc.html
		Templates\VeloxFile.cpp = Templates\VeloxFile.cpp
		Templates\VeloxFile.h = Templates\VeloxFile.h
	EndGlobalSection
	GlobalSection(ExtensibilityGlobals) = postSolution
	EndGlobalSection
	GlobalSection(ExtensibilityAddIns) = postSolution
	EndGlobalSection
EndGlobal
