Microsoft Visual Studio Solution File, Format Version 8.00
Project("{8BC9CEB8-8B4A-11D0-8D11-00A0C91BC942}") = "CoreLib", "CoreLib.vcproj", "{20050526-0000-0000-0000-000774134000}"
	ProjectSection(ProjectDependencies) = postProject
	EndProjectSection
EndProject
Project("{8BC9CEB8-8B4A-11D0-8D11-00A0C91BC942}") = "KernelLib", "KernelLib.vcproj", "{20050526-0000-0000-0000-000526654000}"
	ProjectSection(ProjectDependencies) = postProject
	EndProjectSection
EndProject
Project("{8BC9CEB8-8B4A-11D0-8D11-00A0C91BC942}") = "ServiceDLL", "ServiceDLL.vcproj", "{20050526-0000-0000-0000-000587248000}"
	ProjectSection(ProjectDependencies) = postProject
		{20050526-0000-0000-0000-000560019000} = {20050526-0000-0000-0000-000560019000}
		{20050526-0000-0000-0000-000774134000} = {20050526-0000-0000-0000-000774134000}
	EndProjectSection
EndProject
Project("{8BC9CEB8-8B4A-11D0-8D11-00A0C91BC942}") = "VeloxLib", "VeloxLib.vcproj", "{20050526-0000-0000-0000-000560019000}"
	ProjectSection(ProjectDependencies) = postProject
	EndProjectSection
EndProject
Project("{8BC9CEB8-8B4A-11D0-8D11-00A0C91BC942}") = "XmlServiceDLL", "XmlServiceDLL.vcproj", "{20050526-0000-0000-0000-000170963000}"
	ProjectSection(ProjectDependencies) = postProject
		{20050526-0000-0000-0000-000774134000} = {20050526-0000-0000-0000-000774134000}
	EndProjectSection
EndProject
Project("{8BC9CEB8-8B4A-11D0-8D11-00A0C91BC942}") = "WxServiceDLL", "WxServiceDLL.vcproj", "{20050526-0000-0000-0000-000359796000}"
	ProjectSection(ProjectDependencies) = postProject
		{20050526-0000-0000-0000-000560019000} = {20050526-0000-0000-0000-000560019000}
		{20050526-0000-0000-0000-000774134000} = {20050526-0000-0000-0000-000774134000}
	EndProjectSection
EndProject
Project("{8BC9CEB8-8B4A-11D0-8D11-00A0C91BC942}") = "V3dConsoleApp", "V3dConsoleApp.vcproj", "{20050526-0000-0000-0000-000633000000}"
	ProjectSection(ProjectDependencies) = postProject
		{20050526-0000-0000-0000-000526654000} = {20050526-0000-0000-0000-000526654000}
		{20050526-0000-0000-0000-000774134000} = {20050526-0000-0000-0000-000774134000}
	EndProjectSection
EndProject
Global
	GlobalSection(SolutionConfiguration) = preSolution
		Debug = Debug
		Release = Release
	EndGlobalSection
	GlobalSection(ProjectConfiguration) = postSolution
		{20050526-0000-0000-0000-000774134000}.Debug.ActiveCfg = Debug|Win32
		{20050526-0000-0000-0000-000774134000}.Debug.Build.0 = Debug|Win32
		{20050526-0000-0000-0000-000774134000}.Release.ActiveCfg = Release|Win32
		{20050526-0000-0000-0000-000774134000}.Release.Build.0 = Release|Win32
		{20050526-0000-0000-0000-000526654000}.Debug.ActiveCfg = Debug|Win32
		{20050526-0000-0000-0000-000526654000}.Debug.Build.0 = Debug|Win32
		{20050526-0000-0000-0000-000526654000}.Release.ActiveCfg = Release|Win32
		{20050526-0000-0000-0000-000526654000}.Release.Build.0 = Release|Win32
		{20050526-0000-0000-0000-000587248000}.Debug.ActiveCfg = Debug|Win32
		{20050526-0000-0000-0000-000587248000}.Debug.Build.0 = Debug|Win32
		{20050526-0000-0000-0000-000587248000}.Release.ActiveCfg = Release|Win32
		{20050526-0000-0000-0000-000587248000}.Release.Build.0 = Release|Win32
		{20050526-0000-0000-0000-000560019000}.Debug.ActiveCfg = Debug|Win32
		{20050526-0000-0000-0000-000560019000}.Debug.Build.0 = Debug|Win32
		{20050526-0000-0000-0000-000560019000}.Release.ActiveCfg = Release|Win32
		{20050526-0000-0000-0000-000560019000}.Release.Build.0 = Release|Win32
		{20050526-0000-0000-0000-000170963000}.Debug.ActiveCfg = Debug|Win32
		{20050526-0000-0000-0000-000170963000}.Debug.Build.0 = Debug|Win32
		{20050526-0000-0000-0000-000170963000}.Release.ActiveCfg = Release|Win32
		{20050526-0000-0000-0000-000170963000}.Release.Build.0 = Release|Win32
		{20050526-0000-0000-0000-000359796000}.Debug.ActiveCfg = Debug|Win32
		{20050526-0000-0000-0000-000359796000}.Debug.Build.0 = Debug|Win32
		{20050526-0000-0000-0000-000359796000}.Release.ActiveCfg = Release|Win32
		{20050526-0000-0000-0000-000359796000}.Release.Build.0 = Release|Win32
		{20050526-0000-0000-0000-000633000000}.Debug.ActiveCfg = Debug|Win32
		{20050526-0000-0000-0000-000633000000}.Debug.Build.0 = Debug|Win32
		{20050526-0000-0000-0000-000633000000}.Release.ActiveCfg = Release|Win32
		{20050526-0000-0000-0000-000633000000}.Release.Build.0 = Release|Win32
	EndGlobalSection
	GlobalSection(ExtensibilityGlobals) = postSolution
	EndGlobalSection
	GlobalSection(ExtensibilityAddIns) = postSolution
	EndGlobalSection
EndGlobal
