Microsoft Visual Studio Solution File, Format Version 9.00
# Visual Studio 2005
Project("{8BC9CEB8-8B4A-11D0-8D11-00A0C91BC942}") = "CoreLib", "CoreLib.vcproj", "{20050526-0000-0000-0000-000774134000}"
EndProject
Project("{8BC9CEB8-8B4A-11D0-8D11-00A0C91BC942}") = "KernelLib", "KernelLib.vcproj", "{20050526-0000-0000-0000-000526654000}"
EndProject
Project("{8BC9CEB8-8B4A-11D0-8D11-00A0C91BC942}") = "ServiceDLL", "ServiceDLL.vcproj", "{20050526-0000-0000-0000-000587248000}"
	ProjectSection(ProjectDependencies) = postProject
		{20050526-0000-0000-0000-000774134000} = {20050526-0000-0000-0000-000774134000}
		{20050526-0000-0000-0000-000560019000} = {20050526-0000-0000-0000-000560019000}
	EndProjectSection
EndProject
Project("{8BC9CEB8-8B4A-11D0-8D11-00A0C91BC942}") = "VeloxLib", "VeloxLib.vcproj", "{20050526-0000-0000-0000-000560019000}"
EndProject
Project("{8BC9CEB8-8B4A-11D0-8D11-00A0C91BC942}") = "V3dConsoleApp", "V3dConsoleApp.vcproj", "{20050526-0000-0000-0000-000633000000}"
	ProjectSection(ProjectDependencies) = postProject
		{20050526-0000-0000-0000-000526654000} = {20050526-0000-0000-0000-000526654000}
		{20050526-0000-0000-0000-000560019000} = {20050526-0000-0000-0000-000560019000}
		{20050526-0000-0000-0000-000774134000} = {20050526-0000-0000-0000-000774134000}
	EndProjectSection
EndProject
Project("{2150E333-8FDC-42A3-9474-1A3956D46DE8}") = "Solution Items", "Solution Items", "{CCDAC3AA-ACAE-4A38-A645-9940FDCDCDD5}"
	ProjectSection(SolutionItems) = preProject
		..\..\Doc\Worklog\AcrylSword.txt = ..\..\Doc\Worklog\AcrylSword.txt
		..\..\Doc\Worklog\insane.txt = ..\..\Doc\Worklog\insane.txt
		..\..\Doc\Worklog\Lars.txt = ..\..\Doc\Worklog\Lars.txt
		..\..\Doc\Worklog\sheijk.txt = ..\..\Doc\Worklog\sheijk.txt
	EndProjectSection
EndProject
Project("{8BC9CEB8-8B4A-11D0-8D11-00A0C91BC942}") = "ScriptingDLL", "ScriptingDLL.vcproj", "{20060125-0000-0000-0000-000312500000}"
EndProject
Global
	GlobalSection(SolutionConfigurationPlatforms) = preSolution
		Debug|Win32 = Debug|Win32
		Release|Win32 = Release|Win32
	EndGlobalSection
	GlobalSection(ProjectConfigurationPlatforms) = postSolution
		{20050526-0000-0000-0000-000774134000}.Debug|Win32.ActiveCfg = Debug|Win32
		{20050526-0000-0000-0000-000774134000}.Debug|Win32.Build.0 = Debug|Win32
		{20050526-0000-0000-0000-000774134000}.Release|Win32.ActiveCfg = Release|Win32
		{20050526-0000-0000-0000-000774134000}.Release|Win32.Build.0 = Release|Win32
		{20050526-0000-0000-0000-000526654000}.Debug|Win32.ActiveCfg = Debug|Win32
		{20050526-0000-0000-0000-000526654000}.Debug|Win32.Build.0 = Debug|Win32
		{20050526-0000-0000-0000-000526654000}.Release|Win32.ActiveCfg = Release|Win32
		{20050526-0000-0000-0000-000526654000}.Release|Win32.Build.0 = Release|Win32
		{20050526-0000-0000-0000-000587248000}.Debug|Win32.ActiveCfg = Debug|Win32
		{20050526-0000-0000-0000-000587248000}.Debug|Win32.Build.0 = Debug|Win32
		{20050526-0000-0000-0000-000587248000}.Release|Win32.ActiveCfg = Release|Win32
		{20050526-0000-0000-0000-000587248000}.Release|Win32.Build.0 = Release|Win32
		{20050526-0000-0000-0000-000560019000}.Debug|Win32.ActiveCfg = Debug|Win32
		{20050526-0000-0000-0000-000560019000}.Debug|Win32.Build.0 = Debug|Win32
		{20050526-0000-0000-0000-000560019000}.Release|Win32.ActiveCfg = Release|Win32
		{20050526-0000-0000-0000-000560019000}.Release|Win32.Build.0 = Release|Win32
		{20050526-0000-0000-0000-000633000000}.Debug|Win32.ActiveCfg = Debug|Win32
		{20050526-0000-0000-0000-000633000000}.Debug|Win32.Build.0 = Debug|Win32
		{20050526-0000-0000-0000-000633000000}.Release|Win32.ActiveCfg = Release|Win32
		{20050526-0000-0000-0000-000633000000}.Release|Win32.Build.0 = Release|Win32
		{20060125-0000-0000-0000-000312500000}.Debug|Win32.ActiveCfg = Debug|Win32
		{20060125-0000-0000-0000-000312500000}.Debug|Win32.Build.0 = Debug|Win32
		{20060125-0000-0000-0000-000312500000}.Release|Win32.ActiveCfg = Release|Win32
		{20060125-0000-0000-0000-000312500000}.Release|Win32.Build.0 = Release|Win32
	EndGlobalSection
	GlobalSection(SolutionProperties) = preSolution
		HideSolutionNode = FALSE
	EndGlobalSection
EndGlobal
