Microsoft Visual Studio Solution File, Format Version 8.00
Project("{8BC9CEB8-8B4A-11D0-8D11-00A0C91BC942}") = "CoreLib", "CoreLib.vcproj", "{7B8561DB-037E-4D48-AB26-29F0F4B58BAF}"
	ProjectSection(ProjectDependencies) = postProject
	EndProjectSection
EndProject
Project("{8BC9CEB8-8B4A-11D0-8D11-00A0C91BC942}") = "KernelLib", "KernelLib.vcproj", "{A5252B0B-339A-4683-AF85-2E38CC44BA78}"
	ProjectSection(ProjectDependencies) = postProject
	EndProjectSection
EndProject
Project("{8BC9CEB8-8B4A-11D0-8D11-00A0C91BC942}") = "V3dConsoleApp", "V3dConsoleApp.vcproj", "{984B2B4D-63D6-4ED8-812D-10E36D1F7827}"
	ProjectSection(ProjectDependencies) = postProject
	EndProjectSection
EndProject
Project("{8BC9CEB8-8B4A-11D0-8D11-00A0C91BC942}") = "ServiceDLL", "ServiceDLL.vcproj", "{29651112-DFC2-43B5-A1B3-EAC0844C0497}"
	ProjectSection(ProjectDependencies) = postProject
	EndProjectSection
EndProject
Project("{8BC9CEB8-8B4A-11D0-8D11-00A0C91BC942}") = "VeloxLib", "VeloxLib.vcproj", "{1153ED78-7821-4070-97F5-8151888D7B60}"
	ProjectSection(ProjectDependencies) = postProject
	EndProjectSection
EndProject
Project("{8BC9CEB8-8B4A-11D0-8D11-00A0C91BC942}") = "XmlServiceDLL", "XmlServiceDLL.vcproj", "{3CD353EE-98CF-4C64-94EC-1640367A5B75}"
	ProjectSection(ProjectDependencies) = postProject
	EndProjectSection
EndProject
Project("{8BC9CEB8-8B4A-11D0-8D11-00A0C91BC942}") = "ImporterDemoApp", "ImporterDemoApp.vcproj", "{20051022-0000-0000-0000-000765625000}"
	ProjectSection(ProjectDependencies) = postProject
	EndProjectSection
EndProject
Project("{8BC9CEB8-8B4A-11D0-8D11-00A0C91BC942}") = "GraphicsDemoApp", "GraphicsDemoApp.vcproj", "{F4A934A5-7919-45EB-A846-358E3B3647FC}"
	ProjectSection(ProjectDependencies) = postProject
	EndProjectSection
EndProject
Project("{8BC9CEB8-8B4A-11D0-8D11-00A0C91BC942}") = "AllFiles", "AllFiles.vcproj", "{20051026-0000-0000-0000-000406250000}"
	ProjectSection(ProjectDependencies) = postProject
	EndProjectSection
EndProject
Project("{8BC9CEB8-8B4A-11D0-8D11-00A0C91BC942}") = "ScriptingDLL", "ScriptingDLL.vcproj", "{20051109-0000-0000-0000-000183644000}"
	ProjectSection(ProjectDependencies) = postProject
	EndProjectSection
EndProject
Global
	GlobalSection(SolutionConfiguration) = preSolution
		debug = debug
		release = release
	EndGlobalSection
	GlobalSection(ProjectConfiguration) = postSolution
		{7B8561DB-037E-4D48-AB26-29F0F4B58BAF}.debug.ActiveCfg = Debug|Win32
		{7B8561DB-037E-4D48-AB26-29F0F4B58BAF}.debug.Build.0 = Debug|Win32
		{7B8561DB-037E-4D48-AB26-29F0F4B58BAF}.release.ActiveCfg = Release|Win32
		{7B8561DB-037E-4D48-AB26-29F0F4B58BAF}.release.Build.0 = Release|Win32
		{A5252B0B-339A-4683-AF85-2E38CC44BA78}.debug.ActiveCfg = Debug|Win32
		{A5252B0B-339A-4683-AF85-2E38CC44BA78}.debug.Build.0 = Debug|Win32
		{A5252B0B-339A-4683-AF85-2E38CC44BA78}.release.ActiveCfg = Release|Win32
		{A5252B0B-339A-4683-AF85-2E38CC44BA78}.release.Build.0 = Release|Win32
		{984B2B4D-63D6-4ED8-812D-10E36D1F7827}.debug.ActiveCfg = Debug|Win32
		{984B2B4D-63D6-4ED8-812D-10E36D1F7827}.debug.Build.0 = Debug|Win32
		{984B2B4D-63D6-4ED8-812D-10E36D1F7827}.release.ActiveCfg = Release|Win32
		{984B2B4D-63D6-4ED8-812D-10E36D1F7827}.release.Build.0 = Release|Win32
		{29651112-DFC2-43B5-A1B3-EAC0844C0497}.debug.ActiveCfg = Debug|Win32
		{29651112-DFC2-43B5-A1B3-EAC0844C0497}.debug.Build.0 = Debug|Win32
		{29651112-DFC2-43B5-A1B3-EAC0844C0497}.release.ActiveCfg = Release|Win32
		{29651112-DFC2-43B5-A1B3-EAC0844C0497}.release.Build.0 = Release|Win32
		{1153ED78-7821-4070-97F5-8151888D7B60}.debug.ActiveCfg = Debug|Win32
		{1153ED78-7821-4070-97F5-8151888D7B60}.debug.Build.0 = Debug|Win32
		{1153ED78-7821-4070-97F5-8151888D7B60}.release.ActiveCfg = Release|Win32
		{1153ED78-7821-4070-97F5-8151888D7B60}.release.Build.0 = Release|Win32
		{3CD353EE-98CF-4C64-94EC-1640367A5B75}.debug.ActiveCfg = Debug|Win32
		{3CD353EE-98CF-4C64-94EC-1640367A5B75}.debug.Build.0 = Debug|Win32
		{3CD353EE-98CF-4C64-94EC-1640367A5B75}.release.ActiveCfg = Release|Win32
		{3CD353EE-98CF-4C64-94EC-1640367A5B75}.release.Build.0 = Release|Win32
		{20051022-0000-0000-0000-000765625000}.debug.ActiveCfg = Debug|Win32
		{20051022-0000-0000-0000-000765625000}.debug.Build.0 = Debug|Win32
		{20051022-0000-0000-0000-000765625000}.release.ActiveCfg = Release|Win32
		{20051022-0000-0000-0000-000765625000}.release.Build.0 = Release|Win32
		{F4A934A5-7919-45EB-A846-358E3B3647FC}.debug.ActiveCfg = Debug|Win32
		{F4A934A5-7919-45EB-A846-358E3B3647FC}.debug.Build.0 = Debug|Win32
		{F4A934A5-7919-45EB-A846-358E3B3647FC}.release.ActiveCfg = Release|Win32
		{F4A934A5-7919-45EB-A846-358E3B3647FC}.release.Build.0 = Release|Win32
		{20051026-0000-0000-0000-000406250000}.debug.ActiveCfg = Debug|Win32
		{20051026-0000-0000-0000-000406250000}.debug.Build.0 = Debug|Win32
		{20051026-0000-0000-0000-000406250000}.release.ActiveCfg = Release|Win32
		{20051026-0000-0000-0000-000406250000}.release.Build.0 = Release|Win32
		{20051109-0000-0000-0000-000183644000}.debug.ActiveCfg = Debug|Win32
		{20051109-0000-0000-0000-000183644000}.debug.Build.0 = Debug|Win32
		{20051109-0000-0000-0000-000183644000}.release.ActiveCfg = Release|Win32
		{20051109-0000-0000-0000-000183644000}.release.Build.0 = Release|Win32
	EndGlobalSection
	GlobalSection(SolutionItems) = postSolution
		bk.Jamfile = bk.Jamfile
		Jamfile = Jamfile
		..\mbuild.xml = ..\mbuild.xml
	EndGlobalSection
	GlobalSection(ExtensibilityGlobals) = postSolution
	EndGlobalSection
	GlobalSection(ExtensibilityAddIns) = postSolution
	EndGlobalSection
EndGlobal
