Microsoft Visual Studio Solution File, Format Version 8.00
Project("{8BC9CEB8-8B4A-11D0-8D11-00A0C91BC942}") = "EntityDemo", "EntityDemo\EntityDemo.vcproj", "{2DADAD67-04E0-47C5-B84B-8E9DE2BE6843}"
	ProjectSection(ProjectDependencies) = postProject
		{20050526-0000-0000-0000-000560019000} = {20050526-0000-0000-0000-000560019000}
		{20050526-0000-0000-0000-000757427000} = {20050526-0000-0000-0000-000757427000}
		{20050526-0000-0000-0000-000768881000} = {20050526-0000-0000-0000-000768881000}
	EndProjectSection
EndProject
Project("{8BC9CEB8-8B4A-11D0-8D11-00A0C91BC942}") = "GraphicsDemo", "GraphicsDemo\GraphicsDemo.vcproj", "{2DADAA67-04E0-47C5-B84B-8E9DF2BE6843}"
	ProjectSection(ProjectDependencies) = postProject
		{20050526-0000-0000-0000-000560019000} = {20050526-0000-0000-0000-000560019000}
		{20050526-0000-0000-0000-000757427000} = {20050526-0000-0000-0000-000757427000}
		{20050526-0000-0000-0000-000768881000} = {20050526-0000-0000-0000-000768881000}
	EndProjectSection
EndProject
Project("{8BC9CEB8-8B4A-11D0-8D11-00A0C91BC942}") = "Minimal", "Minimal\Minimal.vcproj", "{20050210-0000-0000-0000-000208224000}"
	ProjectSection(ProjectDependencies) = postProject
		{20050526-0000-0000-0000-000560019000} = {20050526-0000-0000-0000-000560019000}
		{20050526-0000-0000-0000-000757427000} = {20050526-0000-0000-0000-000757427000}
		{20050526-0000-0000-0000-000768881000} = {20050526-0000-0000-0000-000768881000}
	EndProjectSection
EndProject
Project("{8BC9CEB8-8B4A-11D0-8D11-00A0C91BC942}") = "GraphicsExample", "GraphicsExample\GraphicsExample.vcproj", "{20050220-0000-0000-0000-000876956000}"
	ProjectSection(ProjectDependencies) = postProject
		{20050526-0000-0000-0000-000560019000} = {20050526-0000-0000-0000-000560019000}
		{20050526-0000-0000-0000-000757427000} = {20050526-0000-0000-0000-000757427000}
		{20050526-0000-0000-0000-000768881000} = {20050526-0000-0000-0000-000768881000}
	EndProjectSection
EndProject
Project("{8BC9CEB8-8B4A-11D0-8D11-00A0C91BC942}") = "ResourceExample", "ResourceExample\ResourceExample.vcproj", "{20050306-0000-0000-0000-000901763000}"
	ProjectSection(ProjectDependencies) = postProject
		{20050526-0000-0000-0000-000560019000} = {20050526-0000-0000-0000-000560019000}
		{20050526-0000-0000-0000-000757427000} = {20050526-0000-0000-0000-000757427000}
		{20050526-0000-0000-0000-000768881000} = {20050526-0000-0000-0000-000768881000}
	EndProjectSection
EndProject
Project("{8BC9CEB8-8B4A-11D0-8D11-00A0C91BC942}") = "CoreLib", "..\Workspace\MSVC71\CoreLib.vcproj", "{20050526-0000-0000-0000-000757427000}"
	ProjectSection(ProjectDependencies) = postProject
	EndProjectSection
EndProject
Project("{8BC9CEB8-8B4A-11D0-8D11-00A0C91BC942}") = "ServiceDLL", "..\Workspace\MSVC71\ServiceDLL.vcproj", "{20050526-0000-0000-0000-000587248000}"
	ProjectSection(ProjectDependencies) = postProject
		{20050526-0000-0000-0000-000560019000} = {20050526-0000-0000-0000-000560019000}
		{20050526-0000-0000-0000-000757427000} = {20050526-0000-0000-0000-000757427000}
	EndProjectSection
EndProject
Project("{8BC9CEB8-8B4A-11D0-8D11-00A0C91BC942}") = "VeloxLib", "..\Workspace\MSVC71\VeloxLib.vcproj", "{20050526-0000-0000-0000-000560019000}"
	ProjectSection(ProjectDependencies) = postProject
	EndProjectSection
EndProject
Project("{8BC9CEB8-8B4A-11D0-8D11-00A0C91BC942}") = "KernelLib", "..\Workspace\MSVC71\KernelLib.vcproj", "{20050526-0000-0000-0000-000768881000}"
	ProjectSection(ProjectDependencies) = postProject
	EndProjectSection
EndProject
Project("{8BC9CEB8-8B4A-11D0-8D11-00A0C91BC942}") = "ImporterDemo", "ImporterDemo\ImporterDemo.vcproj", "{22041311-04E1-47C5-B84B-000000000000}"
	ProjectSection(ProjectDependencies) = postProject
		{20050526-0000-0000-0000-000560019000} = {20050526-0000-0000-0000-000560019000}
		{20050526-0000-0000-0000-000587248000} = {20050526-0000-0000-0000-000587248000}
		{20050526-0000-0000-0000-000757427000} = {20050526-0000-0000-0000-000757427000}
		{20050526-0000-0000-0000-000768881000} = {20050526-0000-0000-0000-000768881000}
	EndProjectSection
EndProject
Project("{8BC9CEB8-8B4A-11D0-8D11-00A0C91BC942}") = "SceneGraphExample", "SceneGraphExample\SceneGraphExample.vcproj", "{99B9E177-EFB7-42DC-ACF8-52C26252112A}"
	ProjectSection(ProjectDependencies) = postProject
		{20050526-0000-0000-0000-000560019000} = {20050526-0000-0000-0000-000560019000}
		{20050526-0000-0000-0000-000757427000} = {20050526-0000-0000-0000-000757427000}
		{20050526-0000-0000-0000-000768881000} = {20050526-0000-0000-0000-000768881000}
	EndProjectSection
EndProject
Project("{8BC9CEB8-8B4A-11D0-8D11-00A0C91BC942}") = "PBufferExample", "PBufferExample\PBufferExample.vcproj", "{10BCA0CA-DE20-44E0-8A0A-76E0E09E6246}"
	ProjectSection(ProjectDependencies) = postProject
		{20050526-0000-0000-0000-000560019000} = {20050526-0000-0000-0000-000560019000}
		{20050526-0000-0000-0000-000757427000} = {20050526-0000-0000-0000-000757427000}
		{20050526-0000-0000-0000-000768881000} = {20050526-0000-0000-0000-000768881000}
	EndProjectSection
EndProject
Project("{8BC9CEB8-8B4A-11D0-8D11-00A0C91BC942}") = "SimplePhysicsSample", "SimplePhysicsSample\SimplePhysicsSample.vcproj", "{22041311-04E1-47C5-B84B-8E9DE2BE6843}"
	ProjectSection(ProjectDependencies) = postProject
		{20050526-0000-0000-0000-000560019000} = {20050526-0000-0000-0000-000560019000}
		{20050526-0000-0000-0000-000757427000} = {20050526-0000-0000-0000-000757427000}
		{20050526-0000-0000-0000-000768881000} = {20050526-0000-0000-0000-000768881000}
	EndProjectSection
EndProject
Project("{8BC9CEB8-8B4A-11D0-8D11-00A0C91BC942}") = "RacerDemo", "RacerDemo\RacerDemo.vcproj", "{20051201-0000-0000-0000-000171875000}"
	ProjectSection(ProjectDependencies) = postProject
	EndProjectSection
EndProject
Project("{8BC9CEB8-8B4A-11D0-8D11-00A0C91BC942}") = "ScriptingDLL", "..\Workspace\MSVC71\ScriptingDLL.vcproj", "{20060125-0000-0000-0000-000312500000}"
	ProjectSection(ProjectDependencies) = postProject
	EndProjectSection
EndProject
Global
	GlobalSection(SolutionConfiguration) = preSolution
		Debug = Debug
		Release = Release
		UnitTests = UnitTests
	EndGlobalSection
	GlobalSection(ProjectConfiguration) = postSolution
		{2DADAD67-04E0-47C5-B84B-8E9DE2BE6843}.Debug.ActiveCfg = Debug|Win32
		{2DADAD67-04E0-47C5-B84B-8E9DE2BE6843}.Debug.Build.0 = Debug|Win32
		{2DADAD67-04E0-47C5-B84B-8E9DE2BE6843}.Release.ActiveCfg = Release|Win32
		{2DADAD67-04E0-47C5-B84B-8E9DE2BE6843}.Release.Build.0 = Release|Win32
		{2DADAD67-04E0-47C5-B84B-8E9DE2BE6843}.UnitTests.ActiveCfg = Release|Win32
		{2DADAD67-04E0-47C5-B84B-8E9DE2BE6843}.UnitTests.Build.0 = Release|Win32
		{2DADAA67-04E0-47C5-B84B-8E9DF2BE6843}.Debug.ActiveCfg = Debug|Win32
		{2DADAA67-04E0-47C5-B84B-8E9DF2BE6843}.Debug.Build.0 = Debug|Win32
		{2DADAA67-04E0-47C5-B84B-8E9DF2BE6843}.Release.ActiveCfg = Release|Win32
		{2DADAA67-04E0-47C5-B84B-8E9DF2BE6843}.Release.Build.0 = Release|Win32
		{2DADAA67-04E0-47C5-B84B-8E9DF2BE6843}.UnitTests.ActiveCfg = Release|Win32
		{2DADAA67-04E0-47C5-B84B-8E9DF2BE6843}.UnitTests.Build.0 = Release|Win32
		{20050210-0000-0000-0000-000208224000}.Debug.ActiveCfg = Debug|Win32
		{20050210-0000-0000-0000-000208224000}.Debug.Build.0 = Debug|Win32
		{20050210-0000-0000-0000-000208224000}.Release.ActiveCfg = Release|Win32
		{20050210-0000-0000-0000-000208224000}.Release.Build.0 = Release|Win32
		{20050210-0000-0000-0000-000208224000}.UnitTests.ActiveCfg = Release|Win32
		{20050210-0000-0000-0000-000208224000}.UnitTests.Build.0 = Release|Win32
		{20050220-0000-0000-0000-000876956000}.Debug.ActiveCfg = Debug|Win32
		{20050220-0000-0000-0000-000876956000}.Debug.Build.0 = Debug|Win32
		{20050220-0000-0000-0000-000876956000}.Release.ActiveCfg = Release|Win32
		{20050220-0000-0000-0000-000876956000}.Release.Build.0 = Release|Win32
		{20050220-0000-0000-0000-000876956000}.UnitTests.ActiveCfg = Release|Win32
		{20050220-0000-0000-0000-000876956000}.UnitTests.Build.0 = Release|Win32
		{20050306-0000-0000-0000-000901763000}.Debug.ActiveCfg = Debug|Win32
		{20050306-0000-0000-0000-000901763000}.Debug.Build.0 = Debug|Win32
		{20050306-0000-0000-0000-000901763000}.Release.ActiveCfg = Release|Win32
		{20050306-0000-0000-0000-000901763000}.Release.Build.0 = Release|Win32
		{20050306-0000-0000-0000-000901763000}.UnitTests.ActiveCfg = Release|Win32
		{20050306-0000-0000-0000-000901763000}.UnitTests.Build.0 = Release|Win32
		{20050526-0000-0000-0000-000757427000}.Debug.ActiveCfg = Debug|Win32
		{20050526-0000-0000-0000-000757427000}.Debug.Build.0 = Debug|Win32
		{20050526-0000-0000-0000-000757427000}.Release.ActiveCfg = Release|Win32
		{20050526-0000-0000-0000-000757427000}.Release.Build.0 = Release|Win32
		{20050526-0000-0000-0000-000757427000}.UnitTests.ActiveCfg = Release|Win32
		{20050526-0000-0000-0000-000757427000}.UnitTests.Build.0 = Release|Win32
		{20050526-0000-0000-0000-000587248000}.Debug.ActiveCfg = Debug|Win32
		{20050526-0000-0000-0000-000587248000}.Debug.Build.0 = Debug|Win32
		{20050526-0000-0000-0000-000587248000}.Release.ActiveCfg = Release|Win32
		{20050526-0000-0000-0000-000587248000}.Release.Build.0 = Release|Win32
		{20050526-0000-0000-0000-000587248000}.UnitTests.ActiveCfg = Release|Win32
		{20050526-0000-0000-0000-000587248000}.UnitTests.Build.0 = Release|Win32
		{20050526-0000-0000-0000-000560019000}.Debug.ActiveCfg = Debug|Win32
		{20050526-0000-0000-0000-000560019000}.Debug.Build.0 = Debug|Win32
		{20050526-0000-0000-0000-000560019000}.Release.ActiveCfg = Release|Win32
		{20050526-0000-0000-0000-000560019000}.Release.Build.0 = Release|Win32
		{20050526-0000-0000-0000-000560019000}.UnitTests.ActiveCfg = Release|Win32
		{20050526-0000-0000-0000-000560019000}.UnitTests.Build.0 = Release|Win32
		{20050526-0000-0000-0000-000768881000}.Debug.ActiveCfg = Debug|Win32
		{20050526-0000-0000-0000-000768881000}.Debug.Build.0 = Debug|Win32
		{20050526-0000-0000-0000-000768881000}.Release.ActiveCfg = Release|Win32
		{20050526-0000-0000-0000-000768881000}.Release.Build.0 = Release|Win32
		{20050526-0000-0000-0000-000768881000}.UnitTests.ActiveCfg = Release|Win32
		{20050526-0000-0000-0000-000768881000}.UnitTests.Build.0 = Release|Win32
		{22041311-04E1-47C5-B84B-000000000000}.Debug.ActiveCfg = Debug|Win32
		{22041311-04E1-47C5-B84B-000000000000}.Debug.Build.0 = Debug|Win32
		{22041311-04E1-47C5-B84B-000000000000}.Release.ActiveCfg = Release|Win32
		{22041311-04E1-47C5-B84B-000000000000}.Release.Build.0 = Release|Win32
		{22041311-04E1-47C5-B84B-000000000000}.UnitTests.ActiveCfg = Release|Win32
		{22041311-04E1-47C5-B84B-000000000000}.UnitTests.Build.0 = Release|Win32
		{99B9E177-EFB7-42DC-ACF8-52C26252112A}.Debug.ActiveCfg = Debug|Win32
		{99B9E177-EFB7-42DC-ACF8-52C26252112A}.Debug.Build.0 = Debug|Win32
		{99B9E177-EFB7-42DC-ACF8-52C26252112A}.Release.ActiveCfg = Release|Win32
		{99B9E177-EFB7-42DC-ACF8-52C26252112A}.Release.Build.0 = Release|Win32
		{99B9E177-EFB7-42DC-ACF8-52C26252112A}.UnitTests.ActiveCfg = Release|Win32
		{99B9E177-EFB7-42DC-ACF8-52C26252112A}.UnitTests.Build.0 = Release|Win32
		{10BCA0CA-DE20-44E0-8A0A-76E0E09E6246}.Debug.ActiveCfg = Debug|Win32
		{10BCA0CA-DE20-44E0-8A0A-76E0E09E6246}.Debug.Build.0 = Debug|Win32
		{10BCA0CA-DE20-44E0-8A0A-76E0E09E6246}.Release.ActiveCfg = Release|Win32
		{10BCA0CA-DE20-44E0-8A0A-76E0E09E6246}.Release.Build.0 = Release|Win32
		{10BCA0CA-DE20-44E0-8A0A-76E0E09E6246}.UnitTests.ActiveCfg = Release|Win32
		{10BCA0CA-DE20-44E0-8A0A-76E0E09E6246}.UnitTests.Build.0 = Release|Win32
		{22041311-04E1-47C5-B84B-8E9DE2BE6843}.Debug.ActiveCfg = Debug|Win32
		{22041311-04E1-47C5-B84B-8E9DE2BE6843}.Debug.Build.0 = Debug|Win32
		{22041311-04E1-47C5-B84B-8E9DE2BE6843}.Release.ActiveCfg = Release|Win32
		{22041311-04E1-47C5-B84B-8E9DE2BE6843}.Release.Build.0 = Release|Win32
		{22041311-04E1-47C5-B84B-8E9DE2BE6843}.UnitTests.ActiveCfg = Release|Win32
		{22041311-04E1-47C5-B84B-8E9DE2BE6843}.UnitTests.Build.0 = Release|Win32
		{20051201-0000-0000-0000-000171875000}.Debug.ActiveCfg = Debug|Win32
		{20051201-0000-0000-0000-000171875000}.Debug.Build.0 = Debug|Win32
		{20051201-0000-0000-0000-000171875000}.Release.ActiveCfg = Release|Win32
		{20051201-0000-0000-0000-000171875000}.Release.Build.0 = Release|Win32
		{20051201-0000-0000-0000-000171875000}.UnitTests.ActiveCfg = Release|Win32
		{20051201-0000-0000-0000-000171875000}.UnitTests.Build.0 = Release|Win32
		{20060125-0000-0000-0000-000312500000}.Debug.ActiveCfg = Debug|Win32
		{20060125-0000-0000-0000-000312500000}.Debug.Build.0 = Debug|Win32
		{20060125-0000-0000-0000-000312500000}.Release.ActiveCfg = Release|Win32
		{20060125-0000-0000-0000-000312500000}.Release.Build.0 = Release|Win32
		{20060125-0000-0000-0000-000312500000}.UnitTests.ActiveCfg = Release|Win32
		{20060125-0000-0000-0000-000312500000}.UnitTests.Build.0 = Release|Win32
	EndGlobalSection
	GlobalSection(SolutionItems) = postSolution
		..\Doc\Worklog\AcrylSword.txt = ..\Doc\Worklog\AcrylSword.txt
		..\Doc\Worklog\insane.txt = ..\Doc\Worklog\insane.txt
		..\Doc\Worklog\Lars.txt = ..\Doc\Worklog\Lars.txt
		..\Doc\Worklog\sheijk.txt = ..\Doc\Worklog\sheijk.txt
		..\Doc\Worklog\todo.txt = ..\Doc\Worklog\todo.txt
	EndGlobalSection
	GlobalSection(ExtensibilityGlobals) = postSolution
	EndGlobalSection
	GlobalSection(ExtensibilityAddIns) = postSolution
	EndGlobalSection
EndGlobal
