Microsoft Visual Studio Solution File, Format Version 8.00
Project("{8BC9CEB8-8B4A-11D0-8D11-00A0C91BC942}") = "VeloxLib", "..\Workspace\UtilsLib.vcproj", "{BB57F1C9-0039-40BC-8188-02F384F49322}"
	ProjectSection(ProjectDependencies) = postProject
	EndProjectSection
EndProject
Project("{8BC9CEB8-8B4A-11D0-8D11-00A0C91BC942}") = "KernelLib", "..\Workspace\KernelLib.vcproj", "{F5A203BC-C39E-43DB-B426-4CC8114C84E6}"
	ProjectSection(ProjectDependencies) = postProject
	EndProjectSection
EndProject
Project("{8BC9CEB8-8B4A-11D0-8D11-00A0C91BC942}") = "VeloxServices", "..\Workspace\VeloxServices.vcproj", "{946E10B2-24CB-27C7-1337-CDCD6D563659}"
	ProjectSection(ProjectDependencies) = postProject
		{BB57F1C9-0039-40BC-8188-02F384F49029} = {BB57F1C9-0039-40BC-8188-02F384F49029}
	EndProjectSection
EndProject
Project("{8BC9CEB8-8B4A-11D0-8D11-00A0C91BC942}") = "CoreLib", "..\Workspace\CoreLib.vcproj", "{BB57F1C9-0039-40BC-8188-02F384F49029}"
	ProjectSection(ProjectDependencies) = postProject
	EndProjectSection
EndProject
Project("{8BC9CEB8-8B4A-11D0-8D11-00A0C91BC942}") = "v3dConsole", "..\Workspace\v3dConsole.vcproj", "{594DBDEA-14ED-4A95-B219-98A18432E8E7}"
	ProjectSection(ProjectDependencies) = postProject
		{F5A203BC-C39E-43DB-B426-4CC8114C84E6} = {F5A203BC-C39E-43DB-B426-4CC8114C84E6}
		{BB57F1C9-0039-40BC-8188-02F384F49029} = {BB57F1C9-0039-40BC-8188-02F384F49029}
	EndProjectSection
EndProject
Project("{8BC9CEB8-8B4A-11D0-8D11-00A0C91BC942}") = "WxWidgetsServices", "..\Workspace\WxServices.vcproj", "{C2A12717-4341-4E4B-9019-07F8B0522B91}"
	ProjectSection(ProjectDependencies) = postProject
		{BB57F1C9-0039-40BC-8188-02F384F49029} = {BB57F1C9-0039-40BC-8188-02F384F49029}
	EndProjectSection
EndProject
Project("{8BC9CEB8-8B4A-11D0-8D11-00A0C91BC942}") = "Racer", "Racer\Racer.vcproj", "{20041011-04E0-47C5-B84B-8E9DE2BE6843}"
	ProjectSection(ProjectDependencies) = postProject
		{F5A203BC-C39E-43DB-B426-4CC8114C84E6} = {F5A203BC-C39E-43DB-B426-4CC8114C84E6}
		{BB57F1C9-0039-40BC-8188-02F384F49029} = {BB57F1C9-0039-40BC-8188-02F384F49029}
		{BB57F1C9-0039-40BC-8188-02F384F49322} = {BB57F1C9-0039-40BC-8188-02F384F49322}
	EndProjectSection
EndProject
Project("{8BC9CEB8-8B4A-11D0-8D11-00A0C91BC942}") = "XmlService", "..\Workspace\XmlService.vcproj", "{EDEFD55A-6C5A-481F-8B00-D79EF595B43A}"
	ProjectSection(ProjectDependencies) = postProject
		{BB57F1C9-0039-40BC-8188-02F384F49029} = {BB57F1C9-0039-40BC-8188-02F384F49029}
	EndProjectSection
EndProject
Project("{8BC9CEB8-8B4A-11D0-8D11-00A0C91BC942}") = "SimplePhysicsSample", "SimplePhysicsSample\SimplePhysicsSample.vcproj", "{22041311-04E1-47C5-B84B-8E9DE2BE6843}"
	ProjectSection(ProjectDependencies) = postProject
		{F5A203BC-C39E-43DB-B426-4CC8114C84E6} = {F5A203BC-C39E-43DB-B426-4CC8114C84E6}
		{BB57F1C9-0039-40BC-8188-02F384F49029} = {BB57F1C9-0039-40BC-8188-02F384F49029}
		{BB57F1C9-0039-40BC-8188-02F384F49322} = {BB57F1C9-0039-40BC-8188-02F384F49322}
	EndProjectSection
EndProject
Project("{8BC9CEB8-8B4A-11D0-8D11-00A0C91BC942}") = "EntityDemo", "EntityDemo\EntityDemo.vcproj", "{2DADAD67-04E0-47C5-B84B-8E9DE2BE6843}"
	ProjectSection(ProjectDependencies) = postProject
		{F5A203BC-C39E-43DB-B426-4CC8114C84E6} = {F5A203BC-C39E-43DB-B426-4CC8114C84E6}
		{BB57F1C9-0039-40BC-8188-02F384F49029} = {BB57F1C9-0039-40BC-8188-02F384F49029}
		{BB57F1C9-0039-40BC-8188-02F384F49322} = {BB57F1C9-0039-40BC-8188-02F384F49322}
	EndProjectSection
EndProject
Project("{8BC9CEB8-8B4A-11D0-8D11-00A0C91BC942}") = "GraphicsDemo", "GraphicsDemo\GraphicsDemo.vcproj", "{2DADAA67-04E0-47C5-B84B-8E9DF2BE6843}"
	ProjectSection(ProjectDependencies) = postProject
		{BB57F1C9-0039-40BC-8188-02F384F49029} = {BB57F1C9-0039-40BC-8188-02F384F49029}
		{BB57F1C9-0039-40BC-8188-02F384F49322} = {BB57F1C9-0039-40BC-8188-02F384F49322}
	EndProjectSection
EndProject
Project("{8BC9CEB8-8B4A-11D0-8D11-00A0C91BC942}") = "Minimal", "Minimal\Minimal.vcproj", "{20050210-0000-0000-0000-000208224000}"
	ProjectSection(ProjectDependencies) = postProject
		{F5A203BC-C39E-43DB-B426-4CC8114C84E6} = {F5A203BC-C39E-43DB-B426-4CC8114C84E6}
		{BB57F1C9-0039-40BC-8188-02F384F49029} = {BB57F1C9-0039-40BC-8188-02F384F49029}
		{BB57F1C9-0039-40BC-8188-02F384F49322} = {BB57F1C9-0039-40BC-8188-02F384F49322}
	EndProjectSection
EndProject
Project("{8BC9CEB8-8B4A-11D0-8D11-00A0C91BC942}") = "GraphicsExample", "GraphicsExample\GraphicsExample.vcproj", "{20050220-0000-0000-0000-000876956000}"
	ProjectSection(ProjectDependencies) = postProject
		{F5A203BC-C39E-43DB-B426-4CC8114C84E6} = {F5A203BC-C39E-43DB-B426-4CC8114C84E6}
		{BB57F1C9-0039-40BC-8188-02F384F49029} = {BB57F1C9-0039-40BC-8188-02F384F49029}
		{BB57F1C9-0039-40BC-8188-02F384F49322} = {BB57F1C9-0039-40BC-8188-02F384F49322}
	EndProjectSection
EndProject
Global
	GlobalSection(SolutionConfiguration) = preSolution
		Debug = Debug
		Release = Release
		UnitTests = UnitTests
	EndGlobalSection
	GlobalSection(ProjectConfiguration) = postSolution
		{BB57F1C9-0039-40BC-8188-02F384F49322}.Debug.ActiveCfg = Debug|Win32
		{BB57F1C9-0039-40BC-8188-02F384F49322}.Debug.Build.0 = Debug|Win32
		{BB57F1C9-0039-40BC-8188-02F384F49322}.Release.ActiveCfg = Release|Win32
		{BB57F1C9-0039-40BC-8188-02F384F49322}.Release.Build.0 = Release|Win32
		{BB57F1C9-0039-40BC-8188-02F384F49322}.UnitTests.ActiveCfg = Release|Win32
		{BB57F1C9-0039-40BC-8188-02F384F49322}.UnitTests.Build.0 = Release|Win32
		{F5A203BC-C39E-43DB-B426-4CC8114C84E6}.Debug.ActiveCfg = Debug|Win32
		{F5A203BC-C39E-43DB-B426-4CC8114C84E6}.Debug.Build.0 = Debug|Win32
		{F5A203BC-C39E-43DB-B426-4CC8114C84E6}.Release.ActiveCfg = Release|Win32
		{F5A203BC-C39E-43DB-B426-4CC8114C84E6}.Release.Build.0 = Release|Win32
		{F5A203BC-C39E-43DB-B426-4CC8114C84E6}.UnitTests.ActiveCfg = Release|Win32
		{F5A203BC-C39E-43DB-B426-4CC8114C84E6}.UnitTests.Build.0 = Release|Win32
		{946E10B2-24CB-27C7-1337-CDCD6D563659}.Debug.ActiveCfg = Debug|Win32
		{946E10B2-24CB-27C7-1337-CDCD6D563659}.Debug.Build.0 = Debug|Win32
		{946E10B2-24CB-27C7-1337-CDCD6D563659}.Release.ActiveCfg = Release|Win32
		{946E10B2-24CB-27C7-1337-CDCD6D563659}.Release.Build.0 = Release|Win32
		{946E10B2-24CB-27C7-1337-CDCD6D563659}.UnitTests.ActiveCfg = Release|Win32
		{946E10B2-24CB-27C7-1337-CDCD6D563659}.UnitTests.Build.0 = Release|Win32
		{BB57F1C9-0039-40BC-8188-02F384F49029}.Debug.ActiveCfg = Debug|Win32
		{BB57F1C9-0039-40BC-8188-02F384F49029}.Debug.Build.0 = Debug|Win32
		{BB57F1C9-0039-40BC-8188-02F384F49029}.Release.ActiveCfg = Release|Win32
		{BB57F1C9-0039-40BC-8188-02F384F49029}.Release.Build.0 = Release|Win32
		{BB57F1C9-0039-40BC-8188-02F384F49029}.UnitTests.ActiveCfg = Release|Win32
		{BB57F1C9-0039-40BC-8188-02F384F49029}.UnitTests.Build.0 = Release|Win32
		{594DBDEA-14ED-4A95-B219-98A18432E8E7}.Debug.ActiveCfg = Debug|Win32
		{594DBDEA-14ED-4A95-B219-98A18432E8E7}.Debug.Build.0 = Debug|Win32
		{594DBDEA-14ED-4A95-B219-98A18432E8E7}.Release.ActiveCfg = Release|Win32
		{594DBDEA-14ED-4A95-B219-98A18432E8E7}.Release.Build.0 = Release|Win32
		{594DBDEA-14ED-4A95-B219-98A18432E8E7}.UnitTests.ActiveCfg = UnitTests|Win32
		{594DBDEA-14ED-4A95-B219-98A18432E8E7}.UnitTests.Build.0 = UnitTests|Win32
		{C2A12717-4341-4E4B-9019-07F8B0522B91}.Debug.ActiveCfg = Debug|Win32
		{C2A12717-4341-4E4B-9019-07F8B0522B91}.Debug.Build.0 = Debug|Win32
		{C2A12717-4341-4E4B-9019-07F8B0522B91}.Release.ActiveCfg = Release|Win32
		{C2A12717-4341-4E4B-9019-07F8B0522B91}.Release.Build.0 = Release|Win32
		{C2A12717-4341-4E4B-9019-07F8B0522B91}.UnitTests.ActiveCfg = Release|Win32
		{C2A12717-4341-4E4B-9019-07F8B0522B91}.UnitTests.Build.0 = Release|Win32
		{20041011-04E0-47C5-B84B-8E9DE2BE6843}.Debug.ActiveCfg = Debug|Win32
		{20041011-04E0-47C5-B84B-8E9DE2BE6843}.Debug.Build.0 = Debug|Win32
		{20041011-04E0-47C5-B84B-8E9DE2BE6843}.Release.ActiveCfg = Release|Win32
		{20041011-04E0-47C5-B84B-8E9DE2BE6843}.Release.Build.0 = Release|Win32
		{20041011-04E0-47C5-B84B-8E9DE2BE6843}.UnitTests.ActiveCfg = Release|Win32
		{20041011-04E0-47C5-B84B-8E9DE2BE6843}.UnitTests.Build.0 = Release|Win32
		{EDEFD55A-6C5A-481F-8B00-D79EF595B43A}.Debug.ActiveCfg = Debug|Win32
		{EDEFD55A-6C5A-481F-8B00-D79EF595B43A}.Debug.Build.0 = Debug|Win32
		{EDEFD55A-6C5A-481F-8B00-D79EF595B43A}.Release.ActiveCfg = Release|Win32
		{EDEFD55A-6C5A-481F-8B00-D79EF595B43A}.Release.Build.0 = Release|Win32
		{EDEFD55A-6C5A-481F-8B00-D79EF595B43A}.UnitTests.ActiveCfg = Release|Win32
		{EDEFD55A-6C5A-481F-8B00-D79EF595B43A}.UnitTests.Build.0 = Release|Win32
		{22041311-04E1-47C5-B84B-8E9DE2BE6843}.Debug.ActiveCfg = Debug|Win32
		{22041311-04E1-47C5-B84B-8E9DE2BE6843}.Debug.Build.0 = Debug|Win32
		{22041311-04E1-47C5-B84B-8E9DE2BE6843}.Release.ActiveCfg = Release|Win32
		{22041311-04E1-47C5-B84B-8E9DE2BE6843}.Release.Build.0 = Release|Win32
		{22041311-04E1-47C5-B84B-8E9DE2BE6843}.UnitTests.ActiveCfg = Release|Win32
		{22041311-04E1-47C5-B84B-8E9DE2BE6843}.UnitTests.Build.0 = Release|Win32
		{2DADAD67-04E0-47C5-B84B-8E9DE2BE6843}.Debug.ActiveCfg = Debug|Win32
		{2DADAD67-04E0-47C5-B84B-8E9DE2BE6843}.Debug.Build.0 = Debug|Win32
		{2DADAD67-04E0-47C5-B84B-8E9DE2BE6843}.Release.ActiveCfg = Release|Win32
		{2DADAD67-04E0-47C5-B84B-8E9DE2BE6843}.Release.Build.0 = Release|Win32
		{2DADAD67-04E0-47C5-B84B-8E9DE2BE6843}.UnitTests.ActiveCfg = Release|Win32
		{2DADAD67-04E0-47C5-B84B-8E9DE2BE6843}.UnitTests.Build.0 = Release|Win32
		{2DADAA67-04E0-47C5-B84B-8E9DF2BE6843}.Debug.ActiveCfg = Debug|Win32
		{2DADAA67-04E0-47C5-B84B-8E9DF2BE6843}.Debug.Build.0 = Debug|Win32
		{2DADAA67-04E0-47C5-B84B-8E9DF2BE6843}.Release.ActiveCfg = Release|Win32
		{2DADAA67-04E0-47C5-B84B-8E9DF2BE6843}.Release.Build.0 = Release|Win32
		{2DADAA67-04E0-47C5-B84B-8E9DF2BE6843}.UnitTests.ActiveCfg = Release|Win32
		{2DADAA67-04E0-47C5-B84B-8E9DF2BE6843}.UnitTests.Build.0 = Release|Win32
		{20050210-0000-0000-0000-000208224000}.Debug.ActiveCfg = Debug|Win32
		{20050210-0000-0000-0000-000208224000}.Debug.Build.0 = Debug|Win32
		{20050210-0000-0000-0000-000208224000}.Release.ActiveCfg = Release|Win32
		{20050210-0000-0000-0000-000208224000}.Release.Build.0 = Release|Win32
		{20050210-0000-0000-0000-000208224000}.UnitTests.ActiveCfg = Release|Win32
		{20050210-0000-0000-0000-000208224000}.UnitTests.Build.0 = Release|Win32
		{20050220-0000-0000-0000-000876956000}.Debug.ActiveCfg = Debug|Win32
		{20050220-0000-0000-0000-000876956000}.Debug.Build.0 = Debug|Win32
		{20050220-0000-0000-0000-000876956000}.Release.ActiveCfg = Release|Win32
		{20050220-0000-0000-0000-000876956000}.Release.Build.0 = Release|Win32
		{20050220-0000-0000-0000-000876956000}.UnitTests.ActiveCfg = Release|Win32
		{20050220-0000-0000-0000-000876956000}.UnitTests.Build.0 = Release|Win32
	EndGlobalSection
	GlobalSection(SolutionItems) = postSolution
		..\Doc\Worklog\AcrylSword.txt = ..\Doc\Worklog\AcrylSword.txt
		..\Doc\Worklog\insane.txt = ..\Doc\Worklog\insane.txt
		..\Doc\Worklog\sheijk.txt = ..\Doc\Worklog\sheijk.txt
		..\Doc\Worklog\todo.txt = ..\Doc\Worklog\todo.txt
	EndGlobalSection
	GlobalSection(ExtensibilityGlobals) = postSolution
	EndGlobalSection
	GlobalSection(ExtensibilityAddIns) = postSolution
	EndGlobalSection
EndGlobal
